
Microsoft Visual Studio Solution File, Format Version 12.00
# Visual Studio Version 17
VisualStudioVersion = 17.4.33103.184
MinimumVisualStudioVersion = 10.0.40219.1
Project("{9A19103F-16F7-4668-BE54-9A1E7A4F7556}") = "ARenderer", "ARenderer\ARenderer.csproj", "{0361F730-9944-4C50-A6D5-2A733C342DFA}"
EndProject
Project("{9A19103F-16F7-4668-BE54-9A1E7A4F7556}") = "SdlSharp", "..\External\SdlSharp\Source\SdlSharp\SdlSharp.csproj", "{D43BA572-9D76-4459-90BF-492EFFEE5C7F}"
EndProject
Project("{9A19103F-16F7-4668-BE54-9A1E7A4F7556}") = "Test", "Test\Test.csproj", "{F8FCA3B7-22E9-45F1-80D7-F25A19D0B70A}"
EndProject
Global
	GlobalSection(SolutionConfigurationPlatforms) = preSolution
		Debug|Any CPU = Debug|Any CPU
		Release|Any CPU = Release|Any CPU
	EndGlobalSection
	GlobalSection(ProjectConfigurationPlatforms) = postSolution
		{0361F730-9944-4C50-A6D5-2A733C342DFA}.Debug|Any CPU.ActiveCfg = Debug|Any CPU
		{0361F730-9944-4C50-A6D5-2A733C342DFA}.Debug|Any CPU.Build.0 = Debug|Any CPU
		{0361F730-9944-4C50-A6D5-2A733C342DFA}.Release|Any CPU.ActiveCfg = Release|Any CPU
		{0361F730-9944-4C50-A6D5-2A733C342DFA}.Release|Any CPU.Build.0 = Release|Any CPU
		{D43BA572-9D76-4459-90BF-492EFFEE5C7F}.Debug|Any CPU.ActiveCfg = Debug|Any CPU
		{D43BA572-9D76-4459-90BF-492EFFEE5C7F}.Debug|Any CPU.Build.0 = Debug|Any CPU
		{D43BA572-9D76-4459-90BF-492EFFEE5C7F}.Release|Any CPU.ActiveCfg = Release|Any CPU
		{D43BA572-9D76-4459-90BF-492EFFEE5C7F}.Release|Any CPU.Build.0 = Release|Any CPU
		{F8FCA3B7-22E9-45F1-80D7-F25A19D0B70A}.Debug|Any CPU.ActiveCfg = Debug|Any CPU
		{F8FCA3B7-22E9-45F1-80D7-F25A19D0B70A}.Debug|Any CPU.Build.0 = Debug|Any CPU
		{F8FCA3B7-22E9-45F1-80D7-F25A19D0B70A}.Release|Any CPU.ActiveCfg = Release|Any CPU
		{F8FCA3B7-22E9-45F1-80D7-F25A19D0B70A}.Release|Any CPU.Build.0 = Release|Any CPU
	EndGlobalSection
	GlobalSection(SolutionProperties) = preSolution
		HideSolutionNode = FALSE
	EndGlobalSection
	GlobalSection(ExtensibilityGlobals) = postSolution
		SolutionGuid = {3B094C08-9313-46D1-9C9E-96C2EC96C69F}
	EndGlobalSection
EndGlobal
