
Microsoft Visual Studio Solution File, Format Version 12.00
# Visual Studio Version 17
VisualStudioVersion = 17.4.33103.184
MinimumVisualStudioVersion = 10.0.40219.1
Project("{9A19103F-16F7-4668-BE54-9A1E7A4F7556}") = "RenderThing", "RenderThing\RenderThing.csproj", "{0361F730-9944-4C50-A6D5-2A733C342DFA}"
EndProject
Project("{9A19103F-16F7-4668-BE54-9A1E7A4F7556}") = "Test", "Test\Test.csproj", "{F8FCA3B7-22E9-45F1-80D7-F25A19D0B70A}"
EndProject
Project("{FAE04EC0-301F-11D3-BF4B-00C04F79EFBC}") = "AppThing", "AppThing\AppThing.csproj", "{571BE4F4-2F5A-496B-9E4C-83174F112E82}"
EndProject
Project("{FAE04EC0-301F-11D3-BF4B-00C04F79EFBC}") = "GlfwSharp", "GlfwSharp\GlfwSharp.csproj", "{4871E98D-915F-4766-9939-1D9300854278}"
EndProject
Global
	GlobalSection(SolutionConfigurationPlatforms) = preSolution
		Debug|Any CPU = Debug|Any CPU
		Release|Any CPU = Release|Any CPU
	EndGlobalSection
	GlobalSection(ProjectConfigurationPlatforms) = postSolution
		{0361F730-9944-4C50-A6D5-2A733C342DFA}.Debug|Any CPU.ActiveCfg = Debug|Any CPU
		{0361F730-9944-4C50-A6D5-2A733C342DFA}.Debug|Any CPU.Build.0 = Debug|Any CPU
		{0361F730-9944-4C50-A6D5-2A733C342DFA}.Release|Any CPU.ActiveCfg = Release|Any CPU
		{0361F730-9944-4C50-A6D5-2A733C342DFA}.Release|Any CPU.Build.0 = Release|Any CPU
		{F8FCA3B7-22E9-45F1-80D7-F25A19D0B70A}.Debug|Any CPU.ActiveCfg = Debug|Any CPU
		{F8FCA3B7-22E9-45F1-80D7-F25A19D0B70A}.Debug|Any CPU.Build.0 = Debug|Any CPU
		{F8FCA3B7-22E9-45F1-80D7-F25A19D0B70A}.Release|Any CPU.ActiveCfg = Release|Any CPU
		{F8FCA3B7-22E9-45F1-80D7-F25A19D0B70A}.Release|Any CPU.Build.0 = Release|Any CPU
		{571BE4F4-2F5A-496B-9E4C-83174F112E82}.Debug|Any CPU.ActiveCfg = Debug|Any CPU
		{571BE4F4-2F5A-496B-9E4C-83174F112E82}.Debug|Any CPU.Build.0 = Debug|Any CPU
		{571BE4F4-2F5A-496B-9E4C-83174F112E82}.Release|Any CPU.ActiveCfg = Release|Any CPU
		{571BE4F4-2F5A-496B-9E4C-83174F112E82}.Release|Any CPU.Build.0 = Release|Any CPU
		{4871E98D-915F-4766-9939-1D9300854278}.Debug|Any CPU.ActiveCfg = Debug|Any CPU
		{4871E98D-915F-4766-9939-1D9300854278}.Debug|Any CPU.Build.0 = Debug|Any CPU
		{4871E98D-915F-4766-9939-1D9300854278}.Release|Any CPU.ActiveCfg = Release|Any CPU
		{4871E98D-915F-4766-9939-1D9300854278}.Release|Any CPU.Build.0 = Release|Any CPU
	EndGlobalSection
	GlobalSection(SolutionProperties) = preSolution
		HideSolutionNode = FALSE
	EndGlobalSection
	GlobalSection(ExtensibilityGlobals) = postSolution
		SolutionGuid = {3B094C08-9313-46D1-9C9E-96C2EC96C69F}
	EndGlobalSection
EndGlobal
